
Microsoft Visual Studio Solution File, Format Version 12.00
# Visual Studio Version 17
VisualStudioVersion = 17.2.32505.173
MinimumVisualStudioVersion = 10.0.40219.1
Project("{9A19103F-16F7-4668-BE54-9A1E7A4F7556}") = "Business", "Business\Business.csproj", "{04AD344A-DFB3-40DE-B75F-D88DBE45D9A8}"
EndProject
Project("{9A19103F-16F7-4668-BE54-9A1E7A4F7556}") = "Domain", "Domain\Domain.csproj", "{295D6CCA-BD19-46A9-A7DD-65A5EBF149F9}"
EndProject
Project("{9A19103F-16F7-4668-BE54-9A1E7A4F7556}") = "Infrastructure", "Infrastructure\Infrastructure.csproj", "{3799BEC8-7C48-4422-987D-95E357DA0B63}"
EndProject
Project("{9A19103F-16F7-4668-BE54-9A1E7A4F7556}") = "UI", "UI\UI.csproj", "{5A094FC1-BE70-4033-ADAC-604D3C972A11}"
EndProject
Global
	GlobalSection(SolutionConfigurationPlatforms) = preSolution
		Debug|Any CPU = Debug|Any CPU
		Release|Any CPU = Release|Any CPU
	EndGlobalSection
	GlobalSection(ProjectConfigurationPlatforms) = postSolution
		{04AD344A-DFB3-40DE-B75F-D88DBE45D9A8}.Debug|Any CPU.ActiveCfg = Debug|Any CPU
		{04AD344A-DFB3-40DE-B75F-D88DBE45D9A8}.Debug|Any CPU.Build.0 = Debug|Any CPU
		{04AD344A-DFB3-40DE-B75F-D88DBE45D9A8}.Release|Any CPU.ActiveCfg = Release|Any CPU
		{04AD344A-DFB3-40DE-B75F-D88DBE45D9A8}.Release|Any CPU.Build.0 = Release|Any CPU
		{295D6CCA-BD19-46A9-A7DD-65A5EBF149F9}.Debug|Any CPU.ActiveCfg = Debug|Any CPU
		{295D6CCA-BD19-46A9-A7DD-65A5EBF149F9}.Debug|Any CPU.Build.0 = Debug|Any CPU
		{295D6CCA-BD19-46A9-A7DD-65A5EBF149F9}.Release|Any CPU.ActiveCfg = Release|Any CPU
		{295D6CCA-BD19-46A9-A7DD-65A5EBF149F9}.Release|Any CPU.Build.0 = Release|Any CPU
		{3799BEC8-7C48-4422-987D-95E357DA0B63}.Debug|Any CPU.ActiveCfg = Debug|Any CPU
		{3799BEC8-7C48-4422-987D-95E357DA0B63}.Debug|Any CPU.Build.0 = Debug|Any CPU
		{3799BEC8-7C48-4422-987D-95E357DA0B63}.Release|Any CPU.ActiveCfg = Release|Any CPU
		{3799BEC8-7C48-4422-987D-95E357DA0B63}.Release|Any CPU.Build.0 = Release|Any CPU
		{5A094FC1-BE70-4033-ADAC-604D3C972A11}.Debug|Any CPU.ActiveCfg = Debug|Any CPU
		{5A094FC1-BE70-4033-ADAC-604D3C972A11}.Debug|Any CPU.Build.0 = Debug|Any CPU
		{5A094FC1-BE70-4033-ADAC-604D3C972A11}.Release|Any CPU.ActiveCfg = Release|Any CPU
		{5A094FC1-BE70-4033-ADAC-604D3C972A11}.Release|Any CPU.Build.0 = Release|Any CPU
	EndGlobalSection
	GlobalSection(SolutionProperties) = preSolution
		HideSolutionNode = FALSE
	EndGlobalSection
	GlobalSection(ExtensibilityGlobals) = postSolution
		SolutionGuid = {A43465F9-73E9-4E04-B9F0-8E0124030073}
	EndGlobalSection
EndGlobal
